git.kaosx.ovh/benjamin/collection v1.2.0 h1:EVTs6t8iuaY0bgvdkCPtVAps+0+sjHBpaGCCGxCHVTI=
git.kaosx.ovh/benjamin/collection v1.2.0/go.mod h1:cqfdc7x20fK4XzdSj4qr6pAVJOQ0J+B/lfF4OJT2vwM=
git.kaosx.ovh/benjamin/convert v1.1.0 h1:Gt+bkYDxA3WDN/sgJVFEU6tLWLikUHiHAtPkqt19+0E=
git.kaosx.ovh/benjamin/convert v1.1.0/go.mod h1:yh/gcqL/arDbGz8MkRNkMGM9QTkX03dfBNNigg181mI=
git.kaosx.ovh/benjamin/format v1.1.1 h1:psP/fO2nDNhwi8S+/8LFuKTNYV3ISXAxGMEN0ULcG7U=
git.kaosx.ovh/benjamin/format v1.1.1/go.mod h1:PILU33eDEVPeGXKQ7SHnj8K47LLipqWUiveVH9Oj/VU=
git.kaosx.ovh/benjamin/ini v1.1.0 h1:nrmMfmjDCZtNLIWJjKPTH8TyOAmshwBcFSKOK2mcsaM=
git.kaosx.ovh/benjamin/ini v1.1.0/go.mod h1:eTAGomOoq8faBztXF1QhikbKWTWR8ea9zxu0VxxulII=
git.kaosx.ovh/benjamin/option v1.0.0 h1:2nV/dJN54eJQ/ksnFuT3FkGOp5lyKr6qD+lfyQqA/bg=
git.kaosx.ovh/benjamin/option v1.0.0/go.mod h1:+2EF8/0CY24U/x4qUkFSLD6ycwdZrPFtIiyOEEM45Ko=
github.com/leonelquinteros/gotext v1.7.2 h1:bDPndU8nt+/kRo1m4l/1OXiiy2v7Z7dfPQ9+YP7G1Mc=
github.com/leonelquinteros/gotext v1.7.2/go.mod h1:9/haCkm5P7Jay1sxKDGJ5WIg4zkz8oZKw4ekNpALob8=
mvdan.cc/sh/v3 v3.12.0 h1:ejKUR7ONP5bb+UGHGEG/k9V5+pRVIyD+LsZz7o8KHrI=
mvdan.cc/sh/v3 v3.12.0/go.mod h1:Se6Cj17eYSn+sNooLZiEUnNNmNxg0imoYlTu4CyaGyg=
